
Microsoft Visual Studio Solution File, Format Version 12.00
# Visual Studio Version 17
VisualStudioVersion = 17.0.31903.59
MinimumVisualStudioVersion = 10.0.40219.1
Project("{FAE04EC0-301F-11D3-BF4B-00C04F79EFBC}") = "InventoryManagement", "InventoryManagement\InventoryManagement.csproj", "{AE8886EC-CE04-4906-AD08-2EFDFC83BBE5}"
EndProject
Global
	GlobalSection(SolutionConfigurationPlatforms) = preSolution
		Debug|Any CPU = Debug|Any CPU
		Release|Any CPU = Release|Any CPU
	EndGlobalSection
	GlobalSection(SolutionProperties) = preSolution
		HideSolutionNode = FALSE
	EndGlobalSection
	GlobalSection(ProjectConfigurationPlatforms) = postSolution
		{AE8886EC-CE04-4906-AD08-2EFDFC83BBE5}.Debug|Any CPU.ActiveCfg = Debug|Any CPU
		{AE8886EC-CE04-4906-AD08-2EFDFC83BBE5}.Debug|Any CPU.Build.0 = Debug|Any CPU
		{AE8886EC-CE04-4906-AD08-2EFDFC83BBE5}.Release|Any CPU.ActiveCfg = Release|Any CPU
		{AE8886EC-CE04-4906-AD08-2EFDFC83BBE5}.Release|Any CPU.Build.0 = Release|Any CPU
	EndGlobalSection
EndGlobal
